{
  "version": "1",
  "generated": "2025-10-05T22:56:08.278Z",
  "plugins": [
    {
      "name": "denops-helloworld",
      "repo": "https://github.com/vim-denops/denops-helloworld.vim",
      "commit": "f975281571191cfd4e3f9e5ba77103932f7dd6e5",
      "installedAt": "2025-10-05T22:56:08.278Z",
      "path": "/Users/kengo/.local/share/nvim/necromancer/plugins/denops-helloworld"
    },
    {
      "name": "denops.vim",
      "repo": "https://github.com/vim-denops/denops.vim",
      "commit": "a278b8342459e4687f24d4d575d72ff593326cee",
      "installedAt": "2025-10-05T22:56:08.263Z",
      "path": "/Users/kengo/.local/share/nvim/necromancer/plugins/denops.vim"
    }
  ]
}