{
  "generated": "2026-02-05T04:36:44Z",
  "plugins": [
    {
      "commit": "f975281571191cfd4e3f9e5ba77103932f7dd6e5",
      "installedAt": "2026-01-25T10:04:15Z",
      "name": "denops-helloworld",
      "path": "~/.local/share/nvim/necromancer/plugins/denops-helloworld",
      "repo": "https://github.com/vim-denops/denops-helloworld.vim"
    },
    {
      "commit": "5cfca39988a36e42d81b925264fc846077a727e3",
      "installedAt": "2026-02-05T04:36:44Z",
      "name": "denops.vim",
      "path": "~/.local/share/nvim/necromancer/plugins/denops.vim",
      "repo": "https://github.com/vim-denops/denops.vim"
    },
    {
      "commit": "f8bbc3177d929dc86e272c41cc15219f0a7aa1ac",
      "installedAt": "2026-02-05T04:36:44Z",
      "name": "nvim-treesitter",
      "path": "~/.local/share/nvim/necromancer/plugins/nvim-treesitter",
      "repo": "https://github.com/nvim-treesitter/nvim-treesitter"
    },
    {
      "commit": "c569b3620d0e53572efc95159f66ace5e7b06b48",
      "installedAt": "2026-02-05T04:36:44Z",
      "name": "vim-test",
      "path": "~/.local/share/nvim/necromancer/plugins/vim-test",
      "repo": "https://github.com/vim-test/vim-test"
    },
    {
      "commit": "186084dee5e9c8eec40f6e39481c723dd567cb05",
      "installedAt": "2026-02-05T04:36:44Z",
      "name": "treesj",
      "path": "~/.local/share/nvim/necromancer/plugins/treesj",
      "repo": "https://github.com/Wansmer/treesj"
    },
    {
      "commit": "30889c9b5912e1b19a4555da86f4d18c50d10385",
      "installedAt": "2026-02-05T04:36:44Z",
      "name": "seeker.nvim",
      "path": "~/.local/share/nvim/necromancer/plugins/seeker.nvim",
      "repo": "https://github.com/sontixyou/seeker.nvim"
    },
    {
      "commit": "ad7d9580338354ccc136e5b8f0aa4f880434dcdc",
      "installedAt": "2026-02-05T04:36:44Z",
      "name": "telescope.nvim",
      "path": "~/.local/share/nvim/necromancer/plugins/telescope.nvim",
      "repo": "https://github.com/nvim-telescope/telescope.nvim"
    },
    {
      "commit": "b9fd5226c2f76c951fc8ed5923d85e4de065e509",
      "installedAt": "2026-01-25T10:03:55Z",
      "name": "plenary.nvim",
      "path": "~/.local/share/nvim/necromancer/plugins/plenary.nvim",
      "repo": "https://github.com/nvim-lua/plenary.nvim"
    },
    {
      "commit": "3f86702b54a861a17d7994b2e32a7c648cb12fb1",
      "installedAt": "2026-01-25T10:04:00Z",
      "name": "autoclose.nvim",
      "path": "~/.local/share/nvim/necromancer/plugins/autoclose.nvim",
      "repo": "https://github.com/m4xshen/autoclose.nvim"
    },
    {
      "commit": "1bd82358e516e3043796e207e64f50a11574af6e",
      "installedAt": "2026-02-05T04:36:44Z",
      "name": "neo-tree.nvim",
      "path": "~/.local/share/nvim/necromancer/plugins/neo-tree.nvim",
      "repo": "https://github.com/nvim-neo-tree/neo-tree.nvim"
    },
    {
      "commit": "de740991c12411b663994b2860f1a4fd0937c130",
      "installedAt": "2026-02-05T04:36:44Z",
      "name": "nui.nvim",
      "path": "~/.local/share/nvim/necromancer/plugins/nui.nvim",
      "repo": "https://github.com/MunifTanjim/nui.nvim"
    },
    {
      "commit": "803353450c374192393f5387b6a0176d0972b848",
      "installedAt": "2026-02-05T04:36:44Z",
      "name": "nvim-web-devicons",
      "path": "~/.local/share/nvim/necromancer/plugins/nvim-web-devicons",
      "repo": "https://github.com/nvim-tree/nvim-web-devicons"
    },
    {
      "commit": "5fef3b4a5f1057553b78d048322782c3a9ae69c6",
      "installedAt": "2026-02-05T04:36:44Z",
      "name": "nvim-lspconfig",
      "path": "~/.local/share/nvim/necromancer/plugins/nvim-lspconfig",
      "repo": "https://github.com/neovim/nvim-lspconfig"
    },
    {
      "commit": "abf82a65f185bd54adc0679f74b7d6e1ada690c9",
      "installedAt": "2026-02-05T04:36:44Z",
      "name": "gitsigns.nvim",
      "path": "~/.local/share/nvim/necromancer/plugins/gitsigns.nvim",
      "repo": "https://github.com/lewis6991/gitsigns.nvim"
    },
    {
      "commit": "655133c3b4c3e5e05ec549b9f8cc2894ac6f51b3",
      "installedAt": "2026-01-25T10:04:26Z",
      "name": "bufferline.nvim",
      "path": "~/.local/share/nvim/necromancer/plugins/bufferline.nvim",
      "repo": "https://github.com/akinsho/bufferline.nvim"
    },
    {
      "commit": "4516612fe98ff56ae0415a259ff6361a89419b0a",
      "installedAt": "2026-01-25T10:04:28Z",
      "name": "diffview.nvim",
      "path": "~/.local/share/nvim/necromancer/plugins/diffview.nvim",
      "repo": "https://github.com/sindrets/diffview.nvim"
    },
    {
      "commit": "b137f63d89d0285ca76eed12e1923220e0aff8c1",
      "installedAt": "2026-02-05T04:36:44Z",
      "name": "blink.cmp",
      "path": "~/.local/share/nvim/necromancer/plugins/blink.cmp",
      "repo": "https://github.com/Saghen/blink.cmp"
    },
    {
      "commit": "c2526f1cde528a66e086ab1668e996d162c75f4f",
      "installedAt": "2026-02-05T04:36:44Z",
      "name": "conform.nvim",
      "path": "~/.local/share/nvim/necromancer/plugins/conform.nvim",
      "repo": "https://github.com/stevearc/conform.nvim"
    },
    {
      "commit": "292492ab7af4bd8b9e37e28508bc8ce995722fd5",
      "installedAt": "2026-02-05T04:36:44Z",
      "name": "auto-session",
      "path": "~/.local/share/nvim/necromancer/plugins/auto-session",
      "repo": "https://github.com/rmagatti/auto-session"
    },
    {
      "commit": "a0e182ae21fda68c59d1f36c9ed45600aef50311",
      "installedAt": "2026-02-05T04:36:44Z",
      "name": "nvim-treesitter-textobjects",
      "path": "~/.local/share/nvim/necromancer/plugins/nvim-treesitter-textobjects",
      "repo": "https://github.com/nvim-treesitter/nvim-treesitter-textobjects"
    },
    {
      "commit": "5da1b76e64daf4c5d410f06bcb6b9cb640da7dfd",
      "installedAt": "2026-01-25T10:04:09Z",
      "name": "tokyonight.nvim",
      "path": "~/.local/share/nvim/necromancer/plugins/tokyonight.nvim",
      "repo": "https://github.com/folke/tokyonight.nvim"
    },
    {
      "commit": "20f9d2a14d8a4b7d797af940801d6460d5c1749c",
      "installedAt": "2026-01-25T10:04:06Z",
      "name": "nvim-ts-autotag",
      "path": "~/.local/share/nvim/necromancer/plugins/nvim-ts-autotag",
      "repo": "https://github.com/sontixyou/nvim-ts-autotag"
    },
    {
      "commit": "b0a5c76f86ea214ade36ab0b811e730c3f0add67",
      "installedAt": "2026-01-25T10:04:02Z",
      "name": "vim-rails",
      "path": "~/.local/share/nvim/necromancer/plugins/vim-rails",
      "repo": "https://github.com/tpope/vim-rails"
    }
  ],
  "version": "1"
}
